
Microsoft Visual Studio Solution File, Format Version 12.00
# Visual Studio Version 16
VisualStudioVersion = 16.0.30406.217
MinimumVisualStudioVersion = 10.0.40219.1
Project("{8BC9CEB8-8B4A-11D0-8D11-00A0C91BC942}") = "01 动态数组", "Project1\Project1.vcxproj", "{532E1666-8308-4A76-94EC-B994371ECF24}"
EndProject
Project("{8BC9CEB8-8B4A-11D0-8D11-00A0C91BC942}") = "02 单向链表", "02 单向链表\02 单向链表.vcxproj", "{6227690B-CB63-4144-ACAD-D597C256F0D1}"
EndProject
Project("{8BC9CEB8-8B4A-11D0-8D11-00A0C91BC942}") = "03 企业链表", "03 企业链表\03 企业链表.vcxproj", "{0E80FD86-CB12-4EAE-BD63-CBE389A7B126}"
EndProject
Global
	GlobalSection(SolutionConfigurationPlatforms) = preSolution
		Debug|x64 = Debug|x64
		Debug|x86 = Debug|x86
		Release|x64 = Release|x64
		Release|x86 = Release|x86
	EndGlobalSection
	GlobalSection(ProjectConfigurationPlatforms) = postSolution
		{532E1666-8308-4A76-94EC-B994371ECF24}.Debug|x64.ActiveCfg = Debug|x64
		{532E1666-8308-4A76-94EC-B994371ECF24}.Debug|x64.Build.0 = Debug|x64
		{532E1666-8308-4A76-94EC-B994371ECF24}.Debug|x86.ActiveCfg = Debug|Win32
		{532E1666-8308-4A76-94EC-B994371ECF24}.Debug|x86.Build.0 = Debug|Win32
		{532E1666-8308-4A76-94EC-B994371ECF24}.Release|x64.ActiveCfg = Release|x64
		{532E1666-8308-4A76-94EC-B994371ECF24}.Release|x64.Build.0 = Release|x64
		{532E1666-8308-4A76-94EC-B994371ECF24}.Release|x86.ActiveCfg = Release|Win32
		{532E1666-8308-4A76-94EC-B994371ECF24}.Release|x86.Build.0 = Release|Win32
		{6227690B-CB63-4144-ACAD-D597C256F0D1}.Debug|x64.ActiveCfg = Debug|x64
		{6227690B-CB63-4144-ACAD-D597C256F0D1}.Debug|x64.Build.0 = Debug|x64
		{6227690B-CB63-4144-ACAD-D597C256F0D1}.Debug|x86.ActiveCfg = Debug|Win32
		{6227690B-CB63-4144-ACAD-D597C256F0D1}.Debug|x86.Build.0 = Debug|Win32
		{6227690B-CB63-4144-ACAD-D597C256F0D1}.Release|x64.ActiveCfg = Release|x64
		{6227690B-CB63-4144-ACAD-D597C256F0D1}.Release|x64.Build.0 = Release|x64
		{6227690B-CB63-4144-ACAD-D597C256F0D1}.Release|x86.ActiveCfg = Release|Win32
		{6227690B-CB63-4144-ACAD-D597C256F0D1}.Release|x86.Build.0 = Release|Win32
		{0E80FD86-CB12-4EAE-BD63-CBE389A7B126}.Debug|x64.ActiveCfg = Debug|x64
		{0E80FD86-CB12-4EAE-BD63-CBE389A7B126}.Debug|x64.Build.0 = Debug|x64
		{0E80FD86-CB12-4EAE-BD63-CBE389A7B126}.Debug|x86.ActiveCfg = Debug|Win32
		{0E80FD86-CB12-4EAE-BD63-CBE389A7B126}.Debug|x86.Build.0 = Debug|Win32
		{0E80FD86-CB12-4EAE-BD63-CBE389A7B126}.Release|x64.ActiveCfg = Release|x64
		{0E80FD86-CB12-4EAE-BD63-CBE389A7B126}.Release|x64.Build.0 = Release|x64
		{0E80FD86-CB12-4EAE-BD63-CBE389A7B126}.Release|x86.ActiveCfg = Release|Win32
		{0E80FD86-CB12-4EAE-BD63-CBE389A7B126}.Release|x86.Build.0 = Release|Win32
	EndGlobalSection
	GlobalSection(SolutionProperties) = preSolution
		HideSolutionNode = FALSE
	EndGlobalSection
	GlobalSection(ExtensibilityGlobals) = postSolution
		SolutionGuid = {5E407D57-33B0-469C-B8FB-06C9F7A8ABDD}
	EndGlobalSection
EndGlobal
